
Microsoft Visual Studio Solution File, Format Version 12.00
# Visual Studio Version 17
VisualStudioVersion = 17.8.34330.188
MinimumVisualStudioVersion = 10.0.40219.1
Project("{9A19103F-16F7-4668-BE54-9A1E7A4F7556}") = "Follow.API", "Follow.API\Follow.API.csproj", "{E6EEBFEC-8E3C-4127-8E41-85529C3D1AD0}"
EndProject
Project("{9A19103F-16F7-4668-BE54-9A1E7A4F7556}") = "Follow.Data", "Follow.Data\Follow.Data.csproj", "{AA0E7812-69F1-43BF-9552-E7AEB106129A}"
EndProject
Project("{FAE04EC0-301F-11D3-BF4B-00C04F79EFBC}") = "Follow.Business", "Follow.Business\Follow.Business.csproj", "{79B0C50A-1FBB-4970-BB9B-448792879C8B}"
EndProject
Global
	GlobalSection(SolutionConfigurationPlatforms) = preSolution
		Debug|Any CPU = Debug|Any CPU
		Release|Any CPU = Release|Any CPU
	EndGlobalSection
	GlobalSection(ProjectConfigurationPlatforms) = postSolution
		{E6EEBFEC-8E3C-4127-8E41-85529C3D1AD0}.Debug|Any CPU.ActiveCfg = Debug|Any CPU
		{E6EEBFEC-8E3C-4127-8E41-85529C3D1AD0}.Debug|Any CPU.Build.0 = Debug|Any CPU
		{E6EEBFEC-8E3C-4127-8E41-85529C3D1AD0}.Release|Any CPU.ActiveCfg = Release|Any CPU
		{E6EEBFEC-8E3C-4127-8E41-85529C3D1AD0}.Release|Any CPU.Build.0 = Release|Any CPU
		{AA0E7812-69F1-43BF-9552-E7AEB106129A}.Debug|Any CPU.ActiveCfg = Debug|Any CPU
		{AA0E7812-69F1-43BF-9552-E7AEB106129A}.Debug|Any CPU.Build.0 = Debug|Any CPU
		{AA0E7812-69F1-43BF-9552-E7AEB106129A}.Release|Any CPU.ActiveCfg = Release|Any CPU
		{AA0E7812-69F1-43BF-9552-E7AEB106129A}.Release|Any CPU.Build.0 = Release|Any CPU
		{79B0C50A-1FBB-4970-BB9B-448792879C8B}.Debug|Any CPU.ActiveCfg = Debug|Any CPU
		{79B0C50A-1FBB-4970-BB9B-448792879C8B}.Debug|Any CPU.Build.0 = Debug|Any CPU
		{79B0C50A-1FBB-4970-BB9B-448792879C8B}.Release|Any CPU.ActiveCfg = Release|Any CPU
		{79B0C50A-1FBB-4970-BB9B-448792879C8B}.Release|Any CPU.Build.0 = Release|Any CPU
	EndGlobalSection
	GlobalSection(SolutionProperties) = preSolution
		HideSolutionNode = FALSE
	EndGlobalSection
	GlobalSection(ExtensibilityGlobals) = postSolution
		SolutionGuid = {A234787D-7DA0-40F4-B38A-E18DE1B2D93F}
	EndGlobalSection
EndGlobal
